
Microsoft Visual Studio Solution File, Format Version 12.00
# Visual Studio Version 17
VisualStudioVersion = 17.9.34714.143
MinimumVisualStudioVersion = 10.0.40219.1
Project("{FAE04EC0-301F-11D3-BF4B-00C04F79EFBC}") = "IRUD301-Assignment 1", "IRUD301-Assignment 1\IRUD301-Assignment 1.csproj", "{AD6CCD6F-607A-4A09-930E-631A4FD890E2}"
EndProject
Global
	GlobalSection(SolutionConfigurationPlatforms) = preSolution
		Debug|Any CPU = Debug|Any CPU
		Release|Any CPU = Release|Any CPU
	EndGlobalSection
	GlobalSection(ProjectConfigurationPlatforms) = postSolution
		{AD6CCD6F-607A-4A09-930E-631A4FD890E2}.Debug|Any CPU.ActiveCfg = Debug|Any CPU
		{AD6CCD6F-607A-4A09-930E-631A4FD890E2}.Debug|Any CPU.Build.0 = Debug|Any CPU
		{AD6CCD6F-607A-4A09-930E-631A4FD890E2}.Release|Any CPU.ActiveCfg = Release|Any CPU
		{AD6CCD6F-607A-4A09-930E-631A4FD890E2}.Release|Any CPU.Build.0 = Release|Any CPU
	EndGlobalSection
	GlobalSection(SolutionProperties) = preSolution
		HideSolutionNode = FALSE
	EndGlobalSection
	GlobalSection(ExtensibilityGlobals) = postSolution
		SolutionGuid = {970B4F8B-DDFC-4D3A-A734-7E05B955289F}
	EndGlobalSection
EndGlobal
